{
  "requires": true,
  "lockfileVersion": 1,
  "dependencies": {
    "dotnettools": {
      "version": "1.4.1",
      "resolved": "https://registry.npmjs.org/dotnettools/-/dotnettools-1.4.1.tgz",
      "integrity": "sha512-IZvxIdZDKz1Y+N+GQaYVIr1R6mTo/pmZ6jzDfir3ABEyXdHC3iQvmkAjk1mhefOJH7PxBbblOLamsgbRIeNxsQ=="
    }
  }
}
