
Microsoft Visual Studio Solution File, Format Version 12.00
# Visual Studio Version 16
VisualStudioVersion = 16.0.29613.14
MinimumVisualStudioVersion = 10.0.40219.1
Project("{9A19103F-16F7-4668-BE54-9A1E7A4F7556}") = "Gus.Regon.BIR11.Proxy", "Gus.Regon.BIR11.Proxy\Gus.Regon.BIR11.Proxy.csproj", "{DEA85175-EEE9-4D91-8793-1BFA00768DBD}"
EndProject
Project("{9A19103F-16F7-4668-BE54-9A1E7A4F7556}") = "Gus.Regon.BIR11.Proxy.Itegration.Tests", "..\test\Gus.Regon.BIR11.Proxy.Itegration.Tests\Gus.Regon.BIR11.Proxy.Itegration.Tests.csproj", "{4E06636C-6582-4282-8F3E-E74472DDF679}"
EndProject
Project("{2150E333-8FDC-42A3-9474-1A3956D46DE8}") = "Configs", "Configs", "{4D516C68-F888-401A-B4AE-67399A8FCE6F}"
	ProjectSection(SolutionItems) = preProject
		..\.github\workflows\Gus.Regon.BIR11.Proxy.Master.yml = ..\.github\workflows\Gus.Regon.BIR11.Proxy.Master.yml
	EndProjectSection
EndProject
Global
	GlobalSection(SolutionConfigurationPlatforms) = preSolution
		Debug|Any CPU = Debug|Any CPU
		Release|Any CPU = Release|Any CPU
	EndGlobalSection
	GlobalSection(ProjectConfigurationPlatforms) = postSolution
		{DEA85175-EEE9-4D91-8793-1BFA00768DBD}.Debug|Any CPU.ActiveCfg = Debug|Any CPU
		{DEA85175-EEE9-4D91-8793-1BFA00768DBD}.Debug|Any CPU.Build.0 = Debug|Any CPU
		{DEA85175-EEE9-4D91-8793-1BFA00768DBD}.Release|Any CPU.ActiveCfg = Release|Any CPU
		{DEA85175-EEE9-4D91-8793-1BFA00768DBD}.Release|Any CPU.Build.0 = Release|Any CPU
		{4E06636C-6582-4282-8F3E-E74472DDF679}.Debug|Any CPU.ActiveCfg = Debug|Any CPU
		{4E06636C-6582-4282-8F3E-E74472DDF679}.Debug|Any CPU.Build.0 = Debug|Any CPU
		{4E06636C-6582-4282-8F3E-E74472DDF679}.Release|Any CPU.ActiveCfg = Release|Any CPU
		{4E06636C-6582-4282-8F3E-E74472DDF679}.Release|Any CPU.Build.0 = Release|Any CPU
	EndGlobalSection
	GlobalSection(SolutionProperties) = preSolution
		HideSolutionNode = FALSE
	EndGlobalSection
	GlobalSection(ExtensibilityGlobals) = postSolution
		SolutionGuid = {06DAF1B1-15A4-4880-97D5-24E5A6FD61A4}
	EndGlobalSection
EndGlobal
